{
  "object": {
    "pins": [
      {
        "package": "Hitch",
        "repositoryURL": "https://github.com/KittyMac/Hitch.git",
        "state": {
          "branch": null,
          "revision": "da89030630dba535f9bdc25ce82f6f2cb3ac662c",
          "version": "0.4.2"
        }
      }
    ]
  },
  "version": 1
}
