{
  "object": {
    "pins": [
      {
        "package": "Hitch",
        "repositoryURL": "https://github.com/KittyMac/Hitch.git",
        "state": {
          "branch": null,
          "revision": "1f7a37b10af1e185513049ab66e128a997f05856",
          "version": "0.4.18"
        }
      }
    ]
  },
  "version": 1
}
