{
  "object": {
    "pins": [
      {
        "package": "Hitch",
        "repositoryURL": "https://github.com/KittyMac/Hitch.git",
        "state": {
          "branch": null,
          "revision": "7b753dfc9731dc56f6dcf476a615e0d0a51f1d0d",
          "version": "0.4.3"
        }
      }
    ]
  },
  "version": 1
}
