// !$*UTF8*$!
{
	archiveVersion = 1;
	classes = {
	};
	objectVersion = 46;
	objects = {

/* Begin PBXAggregateTarget section */
		"SpankerKit::SpankerKitPackageTests::ProductTarget" /* SpankerKitPackageTests */ = {
			isa = PBXAggregateTarget;
			buildConfigurationList = OBJ_78 /* Build configuration list for PBXAggregateTarget "SpankerKitPackageTests" */;
			buildPhases = (
			);
			dependencies = (
				OBJ_81 /* PBXTargetDependency */,
			);
			name = SpankerKitPackageTests;
			productName = SpankerKitPackageTests;
		};
/* End PBXAggregateTarget section */

/* Begin PBXBuildFile section */
		OBJ_45 /* CHitch.swift in Sources */ = {isa = PBXBuildFile; fileRef = OBJ_21 /* CHitch.swift */; };
		OBJ_46 /* HalfHitch.swift in Sources */ = {isa = PBXBuildFile; fileRef = OBJ_22 /* HalfHitch.swift */; };
		OBJ_47 /* Hitch+Format.swift in Sources */ = {isa = PBXBuildFile; fileRef = OBJ_23 /* Hitch+Format.swift */; };
		OBJ_48 /* Hitch+FormatOperator.swift in Sources */ = {isa = PBXBuildFile; fileRef = OBJ_24 /* Hitch+FormatOperator.swift */; };
		OBJ_49 /* Hitch+Shared.swift in Sources */ = {isa = PBXBuildFile; fileRef = OBJ_25 /* Hitch+Shared.swift */; };
		OBJ_50 /* Hitch.swift in Sources */ = {isa = PBXBuildFile; fileRef = OBJ_26 /* Hitch.swift */; };
		OBJ_51 /* Int8+Ascii.swift in Sources */ = {isa = PBXBuildFile; fileRef = OBJ_28 /* Int8+Ascii.swift */; };
		OBJ_52 /* UInt8+Ascii.swift in Sources */ = {isa = PBXBuildFile; fileRef = OBJ_29 /* UInt8+Ascii.swift */; };
		OBJ_59 /* Package.swift in Sources */ = {isa = PBXBuildFile; fileRef = OBJ_30 /* Package.swift */; };
		OBJ_65 /* Spanker+Reader.swift in Sources */ = {isa = PBXBuildFile; fileRef = OBJ_9 /* Spanker+Reader.swift */; };
		OBJ_66 /* Spanker+Subscripts.swift in Sources */ = {isa = PBXBuildFile; fileRef = OBJ_10 /* Spanker+Subscripts.swift */; };
		OBJ_67 /* Spanker.swift in Sources */ = {isa = PBXBuildFile; fileRef = OBJ_11 /* Spanker.swift */; };
		OBJ_69 /* HitchKit.framework in Frameworks */ = {isa = PBXBuildFile; fileRef = "HitchKit::HitchKit::Product" /* HitchKit.framework */; };
		OBJ_76 /* Package.swift in Sources */ = {isa = PBXBuildFile; fileRef = OBJ_6 /* Package.swift */; };
		OBJ_87 /* Tests.swift in Sources */ = {isa = PBXBuildFile; fileRef = OBJ_14 /* Tests.swift */; };
		OBJ_88 /* TestsBase.swift in Sources */ = {isa = PBXBuildFile; fileRef = OBJ_15 /* TestsBase.swift */; };
		OBJ_89 /* TestsCPUPerformance.swift in Sources */ = {isa = PBXBuildFile; fileRef = OBJ_16 /* TestsCPUPerformance.swift */; };
		OBJ_90 /* TestsMemoryPerformance.swift in Sources */ = {isa = PBXBuildFile; fileRef = OBJ_17 /* TestsMemoryPerformance.swift */; };
		OBJ_92 /* SpankerKit.framework in Frameworks */ = {isa = PBXBuildFile; fileRef = "SpankerKit::SpankerKit::Product" /* SpankerKit.framework */; };
		OBJ_93 /* HitchKit.framework in Frameworks */ = {isa = PBXBuildFile; fileRef = "HitchKit::HitchKit::Product" /* HitchKit.framework */; };
/* End PBXBuildFile section */

/* Begin PBXContainerItemProxy section */
		4645FA2A2829791400DDE88A /* PBXContainerItemProxy */ = {
			isa = PBXContainerItemProxy;
			containerPortal = OBJ_1 /* Project object */;
			proxyType = 1;
			remoteGlobalIDString = "HitchKit::HitchKit";
			remoteInfo = HitchKit;
		};
		4645FA2B2829791400DDE88A /* PBXContainerItemProxy */ = {
			isa = PBXContainerItemProxy;
			containerPortal = OBJ_1 /* Project object */;
			proxyType = 1;
			remoteGlobalIDString = "SpankerKit::SpankerKit";
			remoteInfo = SpankerKit;
		};
		4645FA2C2829791400DDE88A /* PBXContainerItemProxy */ = {
			isa = PBXContainerItemProxy;
			containerPortal = OBJ_1 /* Project object */;
			proxyType = 1;
			remoteGlobalIDString = "HitchKit::HitchKit";
			remoteInfo = HitchKit;
		};
		4645FA2D2829791400DDE88A /* PBXContainerItemProxy */ = {
			isa = PBXContainerItemProxy;
			containerPortal = OBJ_1 /* Project object */;
			proxyType = 1;
			remoteGlobalIDString = "SpankerKit::SpankerTests";
			remoteInfo = SpankerTests;
		};
/* End PBXContainerItemProxy section */

/* Begin PBXFileReference section */
		"HitchKit::HitchKit::Product" /* HitchKit.framework */ = {isa = PBXFileReference; lastKnownFileType = wrapper.framework; path = HitchKit.framework; sourceTree = BUILT_PRODUCTS_DIR; };
		OBJ_10 /* Spanker+Subscripts.swift */ = {isa = PBXFileReference; lastKnownFileType = sourcecode.swift; path = "Spanker+Subscripts.swift"; sourceTree = "<group>"; };
		OBJ_11 /* Spanker.swift */ = {isa = PBXFileReference; lastKnownFileType = sourcecode.swift; path = Spanker.swift; sourceTree = "<group>"; };
		OBJ_14 /* Tests.swift */ = {isa = PBXFileReference; lastKnownFileType = sourcecode.swift; path = Tests.swift; sourceTree = "<group>"; };
		OBJ_15 /* TestsBase.swift */ = {isa = PBXFileReference; lastKnownFileType = sourcecode.swift; path = TestsBase.swift; sourceTree = "<group>"; };
		OBJ_16 /* TestsCPUPerformance.swift */ = {isa = PBXFileReference; lastKnownFileType = sourcecode.swift; path = TestsCPUPerformance.swift; sourceTree = "<group>"; };
		OBJ_17 /* TestsMemoryPerformance.swift */ = {isa = PBXFileReference; lastKnownFileType = sourcecode.swift; path = TestsMemoryPerformance.swift; sourceTree = "<group>"; };
		OBJ_21 /* CHitch.swift */ = {isa = PBXFileReference; lastKnownFileType = sourcecode.swift; path = CHitch.swift; sourceTree = "<group>"; };
		OBJ_22 /* HalfHitch.swift */ = {isa = PBXFileReference; lastKnownFileType = sourcecode.swift; path = HalfHitch.swift; sourceTree = "<group>"; };
		OBJ_23 /* Hitch+Format.swift */ = {isa = PBXFileReference; lastKnownFileType = sourcecode.swift; path = "Hitch+Format.swift"; sourceTree = "<group>"; };
		OBJ_24 /* Hitch+FormatOperator.swift */ = {isa = PBXFileReference; lastKnownFileType = sourcecode.swift; path = "Hitch+FormatOperator.swift"; sourceTree = "<group>"; };
		OBJ_25 /* Hitch+Shared.swift */ = {isa = PBXFileReference; lastKnownFileType = sourcecode.swift; path = "Hitch+Shared.swift"; sourceTree = "<group>"; };
		OBJ_26 /* Hitch.swift */ = {isa = PBXFileReference; lastKnownFileType = sourcecode.swift; path = Hitch.swift; sourceTree = "<group>"; };
		OBJ_28 /* Int8+Ascii.swift */ = {isa = PBXFileReference; lastKnownFileType = sourcecode.swift; path = "Int8+Ascii.swift"; sourceTree = "<group>"; };
		OBJ_29 /* UInt8+Ascii.swift */ = {isa = PBXFileReference; lastKnownFileType = sourcecode.swift; path = "UInt8+Ascii.swift"; sourceTree = "<group>"; };
		OBJ_30 /* Package.swift */ = {isa = PBXFileReference; explicitFileType = sourcecode.swift; name = Package.swift; path = /Users/rjbowli/Development/chimerasw/Spanker/.build/checkouts/Hitch/Package.swift; sourceTree = "<group>"; };
		OBJ_35 /* meta */ = {isa = PBXFileReference; lastKnownFileType = folder; path = meta; sourceTree = SOURCE_ROOT; };
		OBJ_36 /* LICENSE */ = {isa = PBXFileReference; lastKnownFileType = text; path = LICENSE; sourceTree = "<group>"; };
		OBJ_37 /* Dockerfile */ = {isa = PBXFileReference; lastKnownFileType = text; path = Dockerfile; sourceTree = "<group>"; };
		OBJ_38 /* Makefile */ = {isa = PBXFileReference; lastKnownFileType = sourcecode.make; path = Makefile; sourceTree = "<group>"; };
		OBJ_39 /* README.md */ = {isa = PBXFileReference; lastKnownFileType = net.daringfireball.markdown; path = README.md; sourceTree = "<group>"; };
		OBJ_6 /* Package.swift */ = {isa = PBXFileReference; explicitFileType = sourcecode.swift; path = Package.swift; sourceTree = "<group>"; };
		OBJ_9 /* Spanker+Reader.swift */ = {isa = PBXFileReference; lastKnownFileType = sourcecode.swift; path = "Spanker+Reader.swift"; sourceTree = "<group>"; };
		"SpankerKit::SpankerKit::Product" /* SpankerKit.framework */ = {isa = PBXFileReference; lastKnownFileType = wrapper.framework; path = SpankerKit.framework; sourceTree = BUILT_PRODUCTS_DIR; };
		"SpankerKit::SpankerTests::Product" /* SpankerTests.xctest */ = {isa = PBXFileReference; lastKnownFileType = file; path = SpankerTests.xctest; sourceTree = BUILT_PRODUCTS_DIR; };
/* End PBXFileReference section */

/* Begin PBXFrameworksBuildPhase section */
		OBJ_53 /* Frameworks */ = {
			isa = PBXFrameworksBuildPhase;
			buildActionMask = 0;
			files = (
			);
			runOnlyForDeploymentPostprocessing = 0;
		};
		OBJ_68 /* Frameworks */ = {
			isa = PBXFrameworksBuildPhase;
			buildActionMask = 0;
			files = (
				OBJ_69 /* HitchKit.framework in Frameworks */,
			);
			runOnlyForDeploymentPostprocessing = 0;
		};
		OBJ_91 /* Frameworks */ = {
			isa = PBXFrameworksBuildPhase;
			buildActionMask = 0;
			files = (
				OBJ_92 /* SpankerKit.framework in Frameworks */,
				OBJ_93 /* HitchKit.framework in Frameworks */,
			);
			runOnlyForDeploymentPostprocessing = 0;
		};
/* End PBXFrameworksBuildPhase section */

/* Begin PBXGroup section */
		OBJ_12 /* Tests */ = {
			isa = PBXGroup;
			children = (
				OBJ_13 /* SpankerTests */,
			);
			name = Tests;
			sourceTree = SOURCE_ROOT;
		};
		OBJ_13 /* SpankerTests */ = {
			isa = PBXGroup;
			children = (
				OBJ_14 /* Tests.swift */,
				OBJ_15 /* TestsBase.swift */,
				OBJ_16 /* TestsCPUPerformance.swift */,
				OBJ_17 /* TestsMemoryPerformance.swift */,
			);
			name = SpankerTests;
			path = Tests/SpankerTests;
			sourceTree = SOURCE_ROOT;
		};
		OBJ_18 /* Dependencies */ = {
			isa = PBXGroup;
			children = (
				OBJ_19 /* HitchKit 0.5.0 */,
			);
			name = Dependencies;
			sourceTree = "<group>";
		};
		OBJ_19 /* HitchKit 0.5.0 */ = {
			isa = PBXGroup;
			children = (
				OBJ_20 /* HitchKit */,
				OBJ_30 /* Package.swift */,
			);
			name = "HitchKit 0.5.0";
			sourceTree = SOURCE_ROOT;
		};
		OBJ_20 /* HitchKit */ = {
			isa = PBXGroup;
			children = (
				OBJ_21 /* CHitch.swift */,
				OBJ_22 /* HalfHitch.swift */,
				OBJ_23 /* Hitch+Format.swift */,
				OBJ_24 /* Hitch+FormatOperator.swift */,
				OBJ_25 /* Hitch+Shared.swift */,
				OBJ_26 /* Hitch.swift */,
				OBJ_27 /* Utility */,
			);
			name = HitchKit;
			path = .build/checkouts/Hitch/Sources/HitchKit;
			sourceTree = SOURCE_ROOT;
		};
		OBJ_27 /* Utility */ = {
			isa = PBXGroup;
			children = (
				OBJ_28 /* Int8+Ascii.swift */,
				OBJ_29 /* UInt8+Ascii.swift */,
			);
			path = Utility;
			sourceTree = "<group>";
		};
		OBJ_31 /* Products */ = {
			isa = PBXGroup;
			children = (
				"HitchKit::HitchKit::Product" /* HitchKit.framework */,
				"SpankerKit::SpankerKit::Product" /* SpankerKit.framework */,
				"SpankerKit::SpankerTests::Product" /* SpankerTests.xctest */,
			);
			name = Products;
			sourceTree = BUILT_PRODUCTS_DIR;
		};
		OBJ_5 /*  */ = {
			isa = PBXGroup;
			children = (
				OBJ_6 /* Package.swift */,
				OBJ_7 /* Sources */,
				OBJ_12 /* Tests */,
				OBJ_18 /* Dependencies */,
				OBJ_31 /* Products */,
				OBJ_35 /* meta */,
				OBJ_36 /* LICENSE */,
				OBJ_37 /* Dockerfile */,
				OBJ_38 /* Makefile */,
				OBJ_39 /* README.md */,
			);
			name = "";
			sourceTree = "<group>";
		};
		OBJ_7 /* Sources */ = {
			isa = PBXGroup;
			children = (
				OBJ_8 /* SpankerKit */,
			);
			name = Sources;
			sourceTree = SOURCE_ROOT;
		};
		OBJ_8 /* SpankerKit */ = {
			isa = PBXGroup;
			children = (
				OBJ_9 /* Spanker+Reader.swift */,
				OBJ_10 /* Spanker+Subscripts.swift */,
				OBJ_11 /* Spanker.swift */,
			);
			name = SpankerKit;
			path = Sources/SpankerKit;
			sourceTree = SOURCE_ROOT;
		};
/* End PBXGroup section */

/* Begin PBXNativeTarget section */
		"HitchKit::HitchKit" /* HitchKit */ = {
			isa = PBXNativeTarget;
			buildConfigurationList = OBJ_41 /* Build configuration list for PBXNativeTarget "HitchKit" */;
			buildPhases = (
				OBJ_44 /* Sources */,
				OBJ_53 /* Frameworks */,
			);
			buildRules = (
			);
			dependencies = (
			);
			name = HitchKit;
			productName = HitchKit;
			productReference = "HitchKit::HitchKit::Product" /* HitchKit.framework */;
			productType = "com.apple.product-type.framework";
		};
		"HitchKit::SwiftPMPackageDescription" /* HitchKitPackageDescription */ = {
			isa = PBXNativeTarget;
			buildConfigurationList = OBJ_55 /* Build configuration list for PBXNativeTarget "HitchKitPackageDescription" */;
			buildPhases = (
				OBJ_58 /* Sources */,
			);
			buildRules = (
			);
			dependencies = (
			);
			name = HitchKitPackageDescription;
			productName = HitchKitPackageDescription;
			productType = "com.apple.product-type.framework";
		};
		"SpankerKit::SpankerKit" /* SpankerKit */ = {
			isa = PBXNativeTarget;
			buildConfigurationList = OBJ_61 /* Build configuration list for PBXNativeTarget "SpankerKit" */;
			buildPhases = (
				"C352EA36-7D52-4D15-8C95-FC47CF809C12" /* ShellScript */,
				OBJ_64 /* Sources */,
				OBJ_68 /* Frameworks */,
			);
			buildRules = (
			);
			dependencies = (
				OBJ_70 /* PBXTargetDependency */,
			);
			name = SpankerKit;
			productName = SpankerKit;
			productReference = "SpankerKit::SpankerKit::Product" /* SpankerKit.framework */;
			productType = "com.apple.product-type.framework";
		};
		"SpankerKit::SpankerTests" /* SpankerTests */ = {
			isa = PBXNativeTarget;
			buildConfigurationList = OBJ_83 /* Build configuration list for PBXNativeTarget "SpankerTests" */;
			buildPhases = (
				OBJ_86 /* Sources */,
				OBJ_91 /* Frameworks */,
			);
			buildRules = (
			);
			dependencies = (
				OBJ_94 /* PBXTargetDependency */,
				OBJ_95 /* PBXTargetDependency */,
			);
			name = SpankerTests;
			productName = SpankerTests;
			productReference = "SpankerKit::SpankerTests::Product" /* SpankerTests.xctest */;
			productType = "com.apple.product-type.bundle.unit-test";
		};
		"SpankerKit::SwiftPMPackageDescription" /* SpankerKitPackageDescription */ = {
			isa = PBXNativeTarget;
			buildConfigurationList = OBJ_72 /* Build configuration list for PBXNativeTarget "SpankerKitPackageDescription" */;
			buildPhases = (
				OBJ_75 /* Sources */,
			);
			buildRules = (
			);
			dependencies = (
			);
			name = SpankerKitPackageDescription;
			productName = SpankerKitPackageDescription;
			productType = "com.apple.product-type.framework";
		};
/* End PBXNativeTarget section */

/* Begin PBXProject section */
		OBJ_1 /* Project object */ = {
			isa = PBXProject;
			attributes = {
				LastSwiftMigration = 9999;
				LastUpgradeCheck = 9999;
			};
			buildConfigurationList = OBJ_2 /* Build configuration list for PBXProject "SpankerKit" */;
			compatibilityVersion = "Xcode 3.2";
			developmentRegion = en;
			hasScannedForEncodings = 0;
			knownRegions = (
				en,
			);
			mainGroup = OBJ_5 /*  */;
			productRefGroup = OBJ_31 /* Products */;
			projectDirPath = "";
			projectRoot = "";
			targets = (
				"HitchKit::HitchKit" /* HitchKit */,
				"HitchKit::SwiftPMPackageDescription" /* HitchKitPackageDescription */,
				"SpankerKit::SpankerKit" /* SpankerKit */,
				"SpankerKit::SwiftPMPackageDescription" /* SpankerKitPackageDescription */,
				"SpankerKit::SpankerKitPackageTests::ProductTarget" /* SpankerKitPackageTests */,
				"SpankerKit::SpankerTests" /* SpankerTests */,
			);
		};
/* End PBXProject section */

/* Begin PBXShellScriptBuildPhase section */
		"C352EA36-7D52-4D15-8C95-FC47CF809C12" /* ShellScript */ = {
			isa = PBXShellScriptBuildPhase;
			buildActionMask = 2147483647;
			files = (
			);
			inputFileListPaths = (
			);
			inputPaths = (
			);
			outputFileListPaths = (
			);
			outputPaths = (
			);
			runOnlyForDeploymentPostprocessing = 0;
			shellPath = /bin/sh;
			shellScript = "cd ${SRCROOT}; ./meta/CombinedBuildPhases.sh";
		};
/* End PBXShellScriptBuildPhase section */

/* Begin PBXSourcesBuildPhase section */
		OBJ_44 /* Sources */ = {
			isa = PBXSourcesBuildPhase;
			buildActionMask = 0;
			files = (
				OBJ_45 /* CHitch.swift in Sources */,
				OBJ_46 /* HalfHitch.swift in Sources */,
				OBJ_47 /* Hitch+Format.swift in Sources */,
				OBJ_48 /* Hitch+FormatOperator.swift in Sources */,
				OBJ_49 /* Hitch+Shared.swift in Sources */,
				OBJ_50 /* Hitch.swift in Sources */,
				OBJ_51 /* Int8+Ascii.swift in Sources */,
				OBJ_52 /* UInt8+Ascii.swift in Sources */,
			);
			runOnlyForDeploymentPostprocessing = 0;
		};
		OBJ_58 /* Sources */ = {
			isa = PBXSourcesBuildPhase;
			buildActionMask = 0;
			files = (
				OBJ_59 /* Package.swift in Sources */,
			);
			runOnlyForDeploymentPostprocessing = 0;
		};
		OBJ_64 /* Sources */ = {
			isa = PBXSourcesBuildPhase;
			buildActionMask = 0;
			files = (
				OBJ_65 /* Spanker+Reader.swift in Sources */,
				OBJ_66 /* Spanker+Subscripts.swift in Sources */,
				OBJ_67 /* Spanker.swift in Sources */,
			);
			runOnlyForDeploymentPostprocessing = 0;
		};
		OBJ_75 /* Sources */ = {
			isa = PBXSourcesBuildPhase;
			buildActionMask = 0;
			files = (
				OBJ_76 /* Package.swift in Sources */,
			);
			runOnlyForDeploymentPostprocessing = 0;
		};
		OBJ_86 /* Sources */ = {
			isa = PBXSourcesBuildPhase;
			buildActionMask = 0;
			files = (
				OBJ_87 /* Tests.swift in Sources */,
				OBJ_88 /* TestsBase.swift in Sources */,
				OBJ_89 /* TestsCPUPerformance.swift in Sources */,
				OBJ_90 /* TestsMemoryPerformance.swift in Sources */,
			);
			runOnlyForDeploymentPostprocessing = 0;
		};
/* End PBXSourcesBuildPhase section */

/* Begin PBXTargetDependency section */
		OBJ_70 /* PBXTargetDependency */ = {
			isa = PBXTargetDependency;
			target = "HitchKit::HitchKit" /* HitchKit */;
			targetProxy = 4645FA2A2829791400DDE88A /* PBXContainerItemProxy */;
		};
		OBJ_81 /* PBXTargetDependency */ = {
			isa = PBXTargetDependency;
			target = "SpankerKit::SpankerTests" /* SpankerTests */;
			targetProxy = 4645FA2D2829791400DDE88A /* PBXContainerItemProxy */;
		};
		OBJ_94 /* PBXTargetDependency */ = {
			isa = PBXTargetDependency;
			target = "SpankerKit::SpankerKit" /* SpankerKit */;
			targetProxy = 4645FA2B2829791400DDE88A /* PBXContainerItemProxy */;
		};
		OBJ_95 /* PBXTargetDependency */ = {
			isa = PBXTargetDependency;
			target = "HitchKit::HitchKit" /* HitchKit */;
			targetProxy = 4645FA2C2829791400DDE88A /* PBXContainerItemProxy */;
		};
/* End PBXTargetDependency section */

/* Begin XCBuildConfiguration section */
		OBJ_3 /* Debug */ = {
			isa = XCBuildConfiguration;
			buildSettings = {
				BUILD_LIBRARY_FOR_DISTRIBUTION = YES;
				CLANG_ENABLE_OBJC_ARC = YES;
				COMBINE_HIDPI_IMAGES = YES;
				COPY_PHASE_STRIP = NO;
				DEBUG_INFORMATION_FORMAT = dwarf;
				DYLIB_INSTALL_NAME_BASE = "@rpath";
				ENABLE_NS_ASSERTIONS = YES;
				GCC_OPTIMIZATION_LEVEL = 0;
				GCC_PREPROCESSOR_DEFINITIONS = (
					"$(inherited)",
					"SWIFT_PACKAGE=1",
					"DEBUG=1",
				);
				MACOSX_DEPLOYMENT_TARGET = 10.10;
				ONLY_ACTIVE_ARCH = YES;
				OTHER_SWIFT_FLAGS = "$(inherited) -DXcode";
				PRODUCT_NAME = "$(TARGET_NAME)";
				SDKROOT = macosx;
				SUPPORTED_PLATFORMS = "$(AVAILABLE_PLATFORMS)";
				SUPPORTS_MACCATALYST = YES;
				SWIFT_ACTIVE_COMPILATION_CONDITIONS = "$(inherited) SWIFT_PACKAGE DEBUG";
				SWIFT_OPTIMIZATION_LEVEL = "-Onone";
				USE_HEADERMAP = NO;
			};
			name = Debug;
		};
		OBJ_4 /* Release */ = {
			isa = XCBuildConfiguration;
			buildSettings = {
				BUILD_LIBRARY_FOR_DISTRIBUTION = YES;
				CLANG_ENABLE_OBJC_ARC = YES;
				COMBINE_HIDPI_IMAGES = YES;
				COPY_PHASE_STRIP = YES;
				DEBUG_INFORMATION_FORMAT = "dwarf-with-dsym";
				DYLIB_INSTALL_NAME_BASE = "@rpath";
				GCC_OPTIMIZATION_LEVEL = s;
				GCC_PREPROCESSOR_DEFINITIONS = (
					"$(inherited)",
					"SWIFT_PACKAGE=1",
				);
				MACOSX_DEPLOYMENT_TARGET = 10.10;
				OTHER_SWIFT_FLAGS = "$(inherited) -DXcode";
				PRODUCT_NAME = "$(TARGET_NAME)";
				SDKROOT = macosx;
				SUPPORTED_PLATFORMS = "$(AVAILABLE_PLATFORMS)";
				SUPPORTS_MACCATALYST = YES;
				SWIFT_ACTIVE_COMPILATION_CONDITIONS = "$(inherited) SWIFT_PACKAGE";
				SWIFT_OPTIMIZATION_LEVEL = "-Owholemodule";
				USE_HEADERMAP = NO;
			};
			name = Release;
		};
		OBJ_42 /* Debug */ = {
			isa = XCBuildConfiguration;
			buildSettings = {
				CURRENT_PROJECT_VERSION = 1;
				DRIVERKIT_DEPLOYMENT_TARGET = 19.0;
				ENABLE_TESTABILITY = YES;
				FRAMEWORK_SEARCH_PATHS = (
					"$(inherited)",
					"$(PLATFORM_DIR)/Developer/Library/Frameworks",
				);
				HEADER_SEARCH_PATHS = "$(inherited)";
				INFOPLIST_FILE = SpankerKit.xcodeproj/HitchKit_Info.plist;
				IPHONEOS_DEPLOYMENT_TARGET = 9.0;
				LD_RUNPATH_SEARCH_PATHS = "$(inherited) $(TOOLCHAIN_DIR)/usr/lib/swift/macosx";
				MACOSX_DEPLOYMENT_TARGET = 10.10;
				OTHER_CFLAGS = "$(inherited)";
				OTHER_LDFLAGS = "$(inherited)";
				OTHER_SWIFT_FLAGS = "$(inherited)";
				PRODUCT_BUNDLE_IDENTIFIER = HitchKit;
				PRODUCT_MODULE_NAME = "$(TARGET_NAME:c99extidentifier)";
				PRODUCT_NAME = "$(TARGET_NAME:c99extidentifier)";
				SKIP_INSTALL = YES;
				SWIFT_ACTIVE_COMPILATION_CONDITIONS = "$(inherited)";
				SWIFT_VERSION = 5.0;
				TARGET_NAME = HitchKit;
				TVOS_DEPLOYMENT_TARGET = 9.0;
				WATCHOS_DEPLOYMENT_TARGET = 2.0;
			};
			name = Debug;
		};
		OBJ_43 /* Release */ = {
			isa = XCBuildConfiguration;
			buildSettings = {
				CURRENT_PROJECT_VERSION = 1;
				DRIVERKIT_DEPLOYMENT_TARGET = 19.0;
				ENABLE_TESTABILITY = YES;
				FRAMEWORK_SEARCH_PATHS = (
					"$(inherited)",
					"$(PLATFORM_DIR)/Developer/Library/Frameworks",
				);
				HEADER_SEARCH_PATHS = "$(inherited)";
				INFOPLIST_FILE = SpankerKit.xcodeproj/HitchKit_Info.plist;
				IPHONEOS_DEPLOYMENT_TARGET = 9.0;
				LD_RUNPATH_SEARCH_PATHS = "$(inherited) $(TOOLCHAIN_DIR)/usr/lib/swift/macosx";
				MACOSX_DEPLOYMENT_TARGET = 10.10;
				OTHER_CFLAGS = "$(inherited)";
				OTHER_LDFLAGS = "$(inherited)";
				OTHER_SWIFT_FLAGS = "$(inherited)";
				PRODUCT_BUNDLE_IDENTIFIER = HitchKit;
				PRODUCT_MODULE_NAME = "$(TARGET_NAME:c99extidentifier)";
				PRODUCT_NAME = "$(TARGET_NAME:c99extidentifier)";
				SKIP_INSTALL = YES;
				SWIFT_ACTIVE_COMPILATION_CONDITIONS = "$(inherited)";
				SWIFT_VERSION = 5.0;
				TARGET_NAME = HitchKit;
				TVOS_DEPLOYMENT_TARGET = 9.0;
				WATCHOS_DEPLOYMENT_TARGET = 2.0;
			};
			name = Release;
		};
		OBJ_56 /* Debug */ = {
			isa = XCBuildConfiguration;
			buildSettings = {
				LD = /usr/bin/true;
				OTHER_SWIFT_FLAGS = "-swift-version 5 -I $(TOOLCHAIN_DIR)/usr/lib/swift/pm/ManifestAPI -sdk /Applications/Xcode-13.2.1.app/Contents/Developer/Platforms/MacOSX.platform/Developer/SDKs/MacOSX12.1.sdk -package-description-version 5.3.0";
				SWIFT_VERSION = 5.0;
			};
			name = Debug;
		};
		OBJ_57 /* Release */ = {
			isa = XCBuildConfiguration;
			buildSettings = {
				LD = /usr/bin/true;
				OTHER_SWIFT_FLAGS = "-swift-version 5 -I $(TOOLCHAIN_DIR)/usr/lib/swift/pm/ManifestAPI -sdk /Applications/Xcode-13.2.1.app/Contents/Developer/Platforms/MacOSX.platform/Developer/SDKs/MacOSX12.1.sdk -package-description-version 5.3.0";
				SWIFT_VERSION = 5.0;
			};
			name = Release;
		};
		OBJ_62 /* Debug */ = {
			isa = XCBuildConfiguration;
			buildSettings = {
				CURRENT_PROJECT_VERSION = 1;
				DRIVERKIT_DEPLOYMENT_TARGET = 19.0;
				ENABLE_TESTABILITY = YES;
				FRAMEWORK_SEARCH_PATHS = (
					"$(inherited)",
					"$(PLATFORM_DIR)/Developer/Library/Frameworks",
				);
				HEADER_SEARCH_PATHS = "$(inherited)";
				INFOPLIST_FILE = SpankerKit.xcodeproj/SpankerKit_Info.plist;
				IPHONEOS_DEPLOYMENT_TARGET = 11.0;
				LD_RUNPATH_SEARCH_PATHS = "$(inherited) $(TOOLCHAIN_DIR)/usr/lib/swift/macosx";
				MACOSX_DEPLOYMENT_TARGET = 10.13;
				OTHER_CFLAGS = "$(inherited)";
				OTHER_LDFLAGS = "$(inherited)";
				OTHER_SWIFT_FLAGS = "$(inherited)";
				PRODUCT_BUNDLE_IDENTIFIER = SpankerKit;
				PRODUCT_MODULE_NAME = "$(TARGET_NAME:c99extidentifier)";
				PRODUCT_NAME = "$(TARGET_NAME:c99extidentifier)";
				SKIP_INSTALL = YES;
				SWIFT_ACTIVE_COMPILATION_CONDITIONS = "$(inherited)";
				SWIFT_VERSION = 5.0;
				TARGET_NAME = SpankerKit;
				TVOS_DEPLOYMENT_TARGET = 9.0;
				WATCHOS_DEPLOYMENT_TARGET = 2.0;
			};
			name = Debug;
		};
		OBJ_63 /* Release */ = {
			isa = XCBuildConfiguration;
			buildSettings = {
				CURRENT_PROJECT_VERSION = 1;
				DRIVERKIT_DEPLOYMENT_TARGET = 19.0;
				ENABLE_TESTABILITY = YES;
				FRAMEWORK_SEARCH_PATHS = (
					"$(inherited)",
					"$(PLATFORM_DIR)/Developer/Library/Frameworks",
				);
				HEADER_SEARCH_PATHS = "$(inherited)";
				INFOPLIST_FILE = SpankerKit.xcodeproj/SpankerKit_Info.plist;
				IPHONEOS_DEPLOYMENT_TARGET = 11.0;
				LD_RUNPATH_SEARCH_PATHS = "$(inherited) $(TOOLCHAIN_DIR)/usr/lib/swift/macosx";
				MACOSX_DEPLOYMENT_TARGET = 10.13;
				OTHER_CFLAGS = "$(inherited)";
				OTHER_LDFLAGS = "$(inherited)";
				OTHER_SWIFT_FLAGS = "$(inherited)";
				PRODUCT_BUNDLE_IDENTIFIER = SpankerKit;
				PRODUCT_MODULE_NAME = "$(TARGET_NAME:c99extidentifier)";
				PRODUCT_NAME = "$(TARGET_NAME:c99extidentifier)";
				SKIP_INSTALL = YES;
				SWIFT_ACTIVE_COMPILATION_CONDITIONS = "$(inherited)";
				SWIFT_VERSION = 5.0;
				TARGET_NAME = SpankerKit;
				TVOS_DEPLOYMENT_TARGET = 9.0;
				WATCHOS_DEPLOYMENT_TARGET = 2.0;
			};
			name = Release;
		};
		OBJ_73 /* Debug */ = {
			isa = XCBuildConfiguration;
			buildSettings = {
				LD = /usr/bin/true;
				OTHER_SWIFT_FLAGS = "-swift-version 5 -I $(TOOLCHAIN_DIR)/usr/lib/swift/pm/ManifestAPI -sdk /Applications/Xcode-13.2.1.app/Contents/Developer/Platforms/MacOSX.platform/Developer/SDKs/MacOSX12.1.sdk -package-description-version 5.2.0";
				SWIFT_VERSION = 5.0;
			};
			name = Debug;
		};
		OBJ_74 /* Release */ = {
			isa = XCBuildConfiguration;
			buildSettings = {
				LD = /usr/bin/true;
				OTHER_SWIFT_FLAGS = "-swift-version 5 -I $(TOOLCHAIN_DIR)/usr/lib/swift/pm/ManifestAPI -sdk /Applications/Xcode-13.2.1.app/Contents/Developer/Platforms/MacOSX.platform/Developer/SDKs/MacOSX12.1.sdk -package-description-version 5.2.0";
				SWIFT_VERSION = 5.0;
			};
			name = Release;
		};
		OBJ_79 /* Debug */ = {
			isa = XCBuildConfiguration;
			buildSettings = {
			};
			name = Debug;
		};
		OBJ_80 /* Release */ = {
			isa = XCBuildConfiguration;
			buildSettings = {
			};
			name = Release;
		};
		OBJ_84 /* Debug */ = {
			isa = XCBuildConfiguration;
			buildSettings = {
				CLANG_ENABLE_MODULES = YES;
				CURRENT_PROJECT_VERSION = 1;
				DRIVERKIT_DEPLOYMENT_TARGET = 19.0;
				EMBEDDED_CONTENT_CONTAINS_SWIFT = YES;
				FRAMEWORK_SEARCH_PATHS = (
					"$(inherited)",
					"$(PLATFORM_DIR)/Developer/Library/Frameworks",
				);
				HEADER_SEARCH_PATHS = "$(inherited)";
				INFOPLIST_FILE = SpankerKit.xcodeproj/SpankerTests_Info.plist;
				IPHONEOS_DEPLOYMENT_TARGET = 14.0;
				LD_RUNPATH_SEARCH_PATHS = "$(inherited) @loader_path/../Frameworks @loader_path/Frameworks";
				MACOSX_DEPLOYMENT_TARGET = 11.0;
				OTHER_CFLAGS = "$(inherited)";
				OTHER_LDFLAGS = "$(inherited)";
				OTHER_SWIFT_FLAGS = "$(inherited)";
				SWIFT_ACTIVE_COMPILATION_CONDITIONS = "$(inherited)";
				SWIFT_VERSION = 5.0;
				TARGET_NAME = SpankerTests;
				TVOS_DEPLOYMENT_TARGET = 14.0;
				WATCHOS_DEPLOYMENT_TARGET = 7.0;
			};
			name = Debug;
		};
		OBJ_85 /* Release */ = {
			isa = XCBuildConfiguration;
			buildSettings = {
				CLANG_ENABLE_MODULES = YES;
				CURRENT_PROJECT_VERSION = 1;
				DRIVERKIT_DEPLOYMENT_TARGET = 19.0;
				EMBEDDED_CONTENT_CONTAINS_SWIFT = YES;
				FRAMEWORK_SEARCH_PATHS = (
					"$(inherited)",
					"$(PLATFORM_DIR)/Developer/Library/Frameworks",
				);
				HEADER_SEARCH_PATHS = "$(inherited)";
				INFOPLIST_FILE = SpankerKit.xcodeproj/SpankerTests_Info.plist;
				IPHONEOS_DEPLOYMENT_TARGET = 14.0;
				LD_RUNPATH_SEARCH_PATHS = "$(inherited) @loader_path/../Frameworks @loader_path/Frameworks";
				MACOSX_DEPLOYMENT_TARGET = 11.0;
				OTHER_CFLAGS = "$(inherited)";
				OTHER_LDFLAGS = "$(inherited)";
				OTHER_SWIFT_FLAGS = "$(inherited)";
				SWIFT_ACTIVE_COMPILATION_CONDITIONS = "$(inherited)";
				SWIFT_VERSION = 5.0;
				TARGET_NAME = SpankerTests;
				TVOS_DEPLOYMENT_TARGET = 14.0;
				WATCHOS_DEPLOYMENT_TARGET = 7.0;
			};
			name = Release;
		};
/* End XCBuildConfiguration section */

/* Begin XCConfigurationList section */
		OBJ_2 /* Build configuration list for PBXProject "SpankerKit" */ = {
			isa = XCConfigurationList;
			buildConfigurations = (
				OBJ_3 /* Debug */,
				OBJ_4 /* Release */,
			);
			defaultConfigurationIsVisible = 0;
			defaultConfigurationName = Release;
		};
		OBJ_41 /* Build configuration list for PBXNativeTarget "HitchKit" */ = {
			isa = XCConfigurationList;
			buildConfigurations = (
				OBJ_42 /* Debug */,
				OBJ_43 /* Release */,
			);
			defaultConfigurationIsVisible = 0;
			defaultConfigurationName = Release;
		};
		OBJ_55 /* Build configuration list for PBXNativeTarget "HitchKitPackageDescription" */ = {
			isa = XCConfigurationList;
			buildConfigurations = (
				OBJ_56 /* Debug */,
				OBJ_57 /* Release */,
			);
			defaultConfigurationIsVisible = 0;
			defaultConfigurationName = Release;
		};
		OBJ_61 /* Build configuration list for PBXNativeTarget "SpankerKit" */ = {
			isa = XCConfigurationList;
			buildConfigurations = (
				OBJ_62 /* Debug */,
				OBJ_63 /* Release */,
			);
			defaultConfigurationIsVisible = 0;
			defaultConfigurationName = Release;
		};
		OBJ_72 /* Build configuration list for PBXNativeTarget "SpankerKitPackageDescription" */ = {
			isa = XCConfigurationList;
			buildConfigurations = (
				OBJ_73 /* Debug */,
				OBJ_74 /* Release */,
			);
			defaultConfigurationIsVisible = 0;
			defaultConfigurationName = Release;
		};
		OBJ_78 /* Build configuration list for PBXAggregateTarget "SpankerKitPackageTests" */ = {
			isa = XCConfigurationList;
			buildConfigurations = (
				OBJ_79 /* Debug */,
				OBJ_80 /* Release */,
			);
			defaultConfigurationIsVisible = 0;
			defaultConfigurationName = Release;
		};
		OBJ_83 /* Build configuration list for PBXNativeTarget "SpankerTests" */ = {
			isa = XCConfigurationList;
			buildConfigurations = (
				OBJ_84 /* Debug */,
				OBJ_85 /* Release */,
			);
			defaultConfigurationIsVisible = 0;
			defaultConfigurationName = Release;
		};
/* End XCConfigurationList section */
	};
	rootObject = OBJ_1 /* Project object */;
}
